// !$*UTF8*$!
{
	archiveVersion = 1;
	classes = {
	};
	objectVersion = 46;
	objects = {

/* Begin PBXBuildFile section */
		FAABD62B1BB8D35800B9D16D /* main.m in Sources */ = {isa = PBXBuildFile; fileRef = FAABD62A1BB8D35800B9D16D /* main.m */; };
		FAABD62E1BB8D35800B9D16D /* AppDelegate.m in Sources */ = {isa = PBXBuildFile; fileRef = FAABD62D1BB8D35800B9D16D /* AppDelegate.m */; };
		FAABD6311BB8D35800B9D16D /* ViewController.m in Sources */ = {isa = PBXBuildFile; fileRef = FAABD6301BB8D35800B9D16D /* ViewController.m */; };
		FAABD6341BB8D35800B9D16D /* Main.storyboard in Resources */ = {isa = PBXBuildFile; fileRef = FAABD6321BB8D35800B9D16D /* Main.storyboard */; };
		FAABD6361BB8D35800B9D16D /* Images.xcassets in Resources */ = {isa = PBXBuildFile; fileRef = FAABD6351BB8D35800B9D16D /* Images.xcassets */; };
		FAABD6391BB8D35800B9D16D /* LaunchScreen.xib in Resources */ = {isa = PBXBuildFile; fileRef = FAABD6371BB8D35800B9D16D /* LaunchScreen.xib */; };
		FAABD6451BB8D35800B9D16D /* SHRuntimeTests.m in Sources */ = {isa = PBXBuildFile; fileRef = FAABD6441BB8D35800B9D16D /* SHRuntimeTests.m */; };
		FAABD6501BB8D3A500B9D16D /* HookObject.m in Sources */ = {isa = PBXBuildFile; fileRef = FAABD64F1BB8D3A500B9D16D /* HookObject.m */; };
/* End PBXBuildFile section */

/* Begin PBXContainerItemProxy section */
		FAABD63F1BB8D35800B9D16D /* PBXContainerItemProxy */ = {
			isa = PBXContainerItemProxy;
			containerPortal = FAABD61D1BB8D35800B9D16D /* Project object */;
			proxyType = 1;
			remoteGlobalIDString = FAABD6241BB8D35800B9D16D;
			remoteInfo = SHRuntime;
		};
/* End PBXContainerItemProxy section */

/* Begin PBXFileReference section */
		FAABD6251BB8D35800B9D16D /* SHRuntime.app */ = {isa = PBXFileReference; explicitFileType = wrapper.application; includeInIndex = 0; path = SHRuntime.app; sourceTree = BUILT_PRODUCTS_DIR; };
		FAABD6291BB8D35800B9D16D /* Info.plist */ = {isa = PBXFileReference; lastKnownFileType = text.plist.xml; path = Info.plist; sourceTree = "<group>"; };
		FAABD62A1BB8D35800B9D16D /* main.m */ = {isa = PBXFileReference; lastKnownFileType = sourcecode.c.objc; path = main.m; sourceTree = "<group>"; };
		FAABD62C1BB8D35800B9D16D /* AppDelegate.h */ = {isa = PBXFileReference; lastKnownFileType = sourcecode.c.h; path = AppDelegate.h; sourceTree = "<group>"; };
		FAABD62D1BB8D35800B9D16D /* AppDelegate.m */ = {isa = PBXFileReference; lastKnownFileType = sourcecode.c.objc; path = AppDelegate.m; sourceTree = "<group>"; };
		FAABD62F1BB8D35800B9D16D /* ViewController.h */ = {isa = PBXFileReference; lastKnownFileType = sourcecode.c.h; path = ViewController.h; sourceTree = "<group>"; };
		FAABD6301BB8D35800B9D16D /* ViewController.m */ = {isa = PBXFileReference; lastKnownFileType = sourcecode.c.objc; path = ViewController.m; sourceTree = "<group>"; };
		FAABD6331BB8D35800B9D16D /* Base */ = {isa = PBXFileReference; lastKnownFileType = file.storyboard; name = Base; path = Base.lproj/Main.storyboard; sourceTree = "<group>"; };
		FAABD6351BB8D35800B9D16D /* Images.xcassets */ = {isa = PBXFileReference; lastKnownFileType = folder.assetcatalog; path = Images.xcassets; sourceTree = "<group>"; };
		FAABD6381BB8D35800B9D16D /* Base */ = {isa = PBXFileReference; lastKnownFileType = file.xib; name = Base; path = Base.lproj/LaunchScreen.xib; sourceTree = "<group>"; };
		FAABD63E1BB8D35800B9D16D /* SHRuntimeTests.xctest */ = {isa = PBXFileReference; explicitFileType = wrapper.cfbundle; includeInIndex = 0; path = SHRuntimeTests.xctest; sourceTree = BUILT_PRODUCTS_DIR; };
		FAABD6431BB8D35800B9D16D /* Info.plist */ = {isa = PBXFileReference; lastKnownFileType = text.plist.xml; path = Info.plist; sourceTree = "<group>"; };
		FAABD6441BB8D35800B9D16D /* SHRuntimeTests.m */ = {isa = PBXFileReference; lastKnownFileType = sourcecode.c.objc; path = SHRuntimeTests.m; sourceTree = "<group>"; };
		FAABD64E1BB8D3A500B9D16D /* HookObject.h */ = {isa = PBXFileReference; fileEncoding = 4; lastKnownFileType = sourcecode.c.h; path = HookObject.h; sourceTree = "<group>"; };
		FAABD64F1BB8D3A500B9D16D /* HookObject.m */ = {isa = PBXFileReference; fileEncoding = 4; lastKnownFileType = sourcecode.c.objc; path = HookObject.m; sourceTree = "<group>"; };
/* End PBXFileReference section */

/* Begin PBXFrameworksBuildPhase section */
		FAABD6221BB8D35800B9D16D /* Frameworks */ = {
			isa = PBXFrameworksBuildPhase;
			buildActionMask = 2147483647;
			files = (
			);
			runOnlyForDeploymentPostprocessing = 0;
		};
		FAABD63B1BB8D35800B9D16D /* Frameworks */ = {
			isa = PBXFrameworksBuildPhase;
			buildActionMask = 2147483647;
			files = (
			);
			runOnlyForDeploymentPostprocessing = 0;
		};
/* End PBXFrameworksBuildPhase section */

/* Begin PBXGroup section */
		FAABD61C1BB8D35800B9D16D = {
			isa = PBXGroup;
			children = (
				FAABD6271BB8D35800B9D16D /* SHRuntime */,
				FAABD6411BB8D35800B9D16D /* SHRuntimeTests */,
				FAABD6261BB8D35800B9D16D /* Products */,
			);
			sourceTree = "<group>";
		};
		FAABD6261BB8D35800B9D16D /* Products */ = {
			isa = PBXGroup;
			children = (
				FAABD6251BB8D35800B9D16D /* SHRuntime.app */,
				FAABD63E1BB8D35800B9D16D /* SHRuntimeTests.xctest */,
			);
			name = Products;
			sourceTree = "<group>";
		};
		FAABD6271BB8D35800B9D16D /* SHRuntime */ = {
			isa = PBXGroup;
			children = (
				FAABD62C1BB8D35800B9D16D /* AppDelegate.h */,
				FAABD62D1BB8D35800B9D16D /* AppDelegate.m */,
				FAABD62F1BB8D35800B9D16D /* ViewController.h */,
				FAABD6301BB8D35800B9D16D /* ViewController.m */,
				FAABD64E1BB8D3A500B9D16D /* HookObject.h */,
				FAABD64F1BB8D3A500B9D16D /* HookObject.m */,
				FAABD6321BB8D35800B9D16D /* Main.storyboard */,
				FAABD6351BB8D35800B9D16D /* Images.xcassets */,
				FAABD6371BB8D35800B9D16D /* LaunchScreen.xib */,
				FAABD6281BB8D35800B9D16D /* Supporting Files */,
			);
			path = SHRuntime;
			sourceTree = "<group>";
		};
		FAABD6281BB8D35800B9D16D /* Supporting Files */ = {
			isa = PBXGroup;
			children = (
				FAABD6291BB8D35800B9D16D /* Info.plist */,
				FAABD62A1BB8D35800B9D16D /* main.m */,
			);
			name = "Supporting Files";
			sourceTree = "<group>";
		};
		FAABD6411BB8D35800B9D16D /* SHRuntimeTests */ = {
			isa = PBXGroup;
			children = (
				FAABD6441BB8D35800B9D16D /* SHRuntimeTests.m */,
				FAABD6421BB8D35800B9D16D /* Supporting Files */,
			);
			path = SHRuntimeTests;
			sourceTree = "<group>";
		};
		FAABD6421BB8D35800B9D16D /* Supporting Files */ = {
			isa = PBXGroup;
			children = (
				FAABD6431BB8D35800B9D16D /* Info.plist */,
			);
			name = "Supporting Files";
			sourceTree = "<group>";
		};
/* End PBXGroup section */

/* Begin PBXNativeTarget section */
		FAABD6241BB8D35800B9D16D /* SHRuntime */ = {
			isa = PBXNativeTarget;
			buildConfigurationList = FAABD6481BB8D35800B9D16D /* Build configuration list for PBXNativeTarget "SHRuntime" */;
			buildPhases = (
				FAABD6211BB8D35800B9D16D /* Sources */,
				FAABD6221BB8D35800B9D16D /* Frameworks */,
				FAABD6231BB8D35800B9D16D /* Resources */,
			);
			buildRules = (
			);
			dependencies = (
			);
			name = SHRuntime;
			productName = SHRuntime;
			productReference = FAABD6251BB8D35800B9D16D /* SHRuntime.app */;
			productType = "com.apple.product-type.application";
		};
		FAABD63D1BB8D35800B9D16D /* SHRuntimeTests */ = {
			isa = PBXNativeTarget;
			buildConfigurationList = FAABD64B1BB8D35800B9D16D /* Build configuration list for PBXNativeTarget "SHRuntimeTests" */;
			buildPhases = (
				FAABD63A1BB8D35800B9D16D /* Sources */,
				FAABD63B1BB8D35800B9D16D /* Frameworks */,
				FAABD63C1BB8D35800B9D16D /* Resources */,
			);
			buildRules = (
			);
			dependencies = (
				FAABD6401BB8D35800B9D16D /* PBXTargetDependency */,
			);
			name = SHRuntimeTests;
			productName = SHRuntimeTests;
			productReference = FAABD63E1BB8D35800B9D16D /* SHRuntimeTests.xctest */;
			productType = "com.apple.product-type.bundle.unit-test";
		};
/* End PBXNativeTarget section */

/* Begin PBXProject section */
		FAABD61D1BB8D35800B9D16D /* Project object */ = {
			isa = PBXProject;
			attributes = {
				LastUpgradeCheck = 0630;
				ORGANIZATIONNAME = treebear;
				TargetAttributes = {
					FAABD6241BB8D35800B9D16D = {
						CreatedOnToolsVersion = 6.3;
					};
					FAABD63D1BB8D35800B9D16D = {
						CreatedOnToolsVersion = 6.3;
						TestTargetID = FAABD6241BB8D35800B9D16D;
					};
				};
			};
			buildConfigurationList = FAABD6201BB8D35800B9D16D /* Build configuration list for PBXProject "SHRuntime" */;
			compatibilityVersion = "Xcode 3.2";
			developmentRegion = English;
			hasScannedForEncodings = 0;
			knownRegions = (
				en,
				Base,
			);
			mainGroup = FAABD61C1BB8D35800B9D16D;
			productRefGroup = FAABD6261BB8D35800B9D16D /* Products */;
			projectDirPath = "";
			projectRoot = "";
			targets = (
				FAABD6241BB8D35800B9D16D /* SHRuntime */,
				FAABD63D1BB8D35800B9D16D /* SHRuntimeTests */,
			);
		};
/* End PBXProject section */

/* Begin PBXResourcesBuildPhase section */
		FAABD6231BB8D35800B9D16D /* Resources */ = {
			isa = PBXResourcesBuildPhase;
			buildActionMask = 2147483647;
			files = (
				FAABD6341BB8D35800B9D16D /* Main.storyboard in Resources */,
				FAABD6391BB8D35800B9D16D /* LaunchScreen.xib in Resources */,
				FAABD6361BB8D35800B9D16D /* Images.xcassets in Resources */,
			);
			runOnlyForDeploymentPostprocessing = 0;
		};
		FAABD63C1BB8D35800B9D16D /* Resources */ = {
			isa = PBXResourcesBuildPhase;
			buildActionMask = 2147483647;
			files = (
			);
			runOnlyForDeploymentPostprocessing = 0;
		};
/* End PBXResourcesBuildPhase section */

/* Begin PBXSourcesBuildPhase section */
		FAABD6211BB8D35800B9D16D /* Sources */ = {
			isa = PBXSourcesBuildPhase;
			buildActionMask = 2147483647;
			files = (
				FAABD6311BB8D35800B9D16D /* ViewController.m in Sources */,
				FAABD62E1BB8D35800B9D16D /* AppDelegate.m in Sources */,
				FAABD62B1BB8D35800B9D16D /* main.m in Sources */,
				FAABD6501BB8D3A500B9D16D /* HookObject.m in Sources */,
			);
			runOnlyForDeploymentPostprocessing = 0;
		};
		FAABD63A1BB8D35800B9D16D /* Sources */ = {
			isa = PBXSourcesBuildPhase;
			buildActionMask = 2147483647;
			files = (
				FAABD6451BB8D35800B9D16D /* SHRuntimeTests.m in Sources */,
			);
			runOnlyForDeploymentPostprocessing = 0;
		};
/* End PBXSourcesBuildPhase section */

/* Begin PBXTargetDependency section */
		FAABD6401BB8D35800B9D16D /* PBXTargetDependency */ = {
			isa = PBXTargetDependency;
			target = FAABD6241BB8D35800B9D16D /* SHRuntime */;
			targetProxy = FAABD63F1BB8D35800B9D16D /* PBXContainerItemProxy */;
		};
/* End PBXTargetDependency section */

/* Begin PBXVariantGroup section */
		FAABD6321BB8D35800B9D16D /* Main.storyboard */ = {
			isa = PBXVariantGroup;
			children = (
				FAABD6331BB8D35800B9D16D /* Base */,
			);
			name = Main.storyboard;
			sourceTree = "<group>";
		};
		FAABD6371BB8D35800B9D16D /* LaunchScreen.xib */ = {
			isa = PBXVariantGroup;
			children = (
				FAABD6381BB8D35800B9D16D /* Base */,
			);
			name = LaunchScreen.xib;
			sourceTree = "<group>";
		};
/* End PBXVariantGroup section */

/* Begin XCBuildConfiguration section */
		FAABD6461BB8D35800B9D16D /* Debug */ = {
			isa = XCBuildConfiguration;
			buildSettings = {
				ALWAYS_SEARCH_USER_PATHS = NO;
				CLANG_CXX_LANGUAGE_STANDARD = "gnu++0x";
				CLANG_CXX_LIBRARY = "libc++";
				CLANG_ENABLE_MODULES = YES;
				CLANG_ENABLE_OBJC_ARC = YES;
				CLANG_WARN_BOOL_CONVERSION = YES;
				CLANG_WARN_CONSTANT_CONVERSION = YES;
				CLANG_WARN_DIRECT_OBJC_ISA_USAGE = YES_ERROR;
				CLANG_WARN_EMPTY_BODY = YES;
				CLANG_WARN_ENUM_CONVERSION = YES;
				CLANG_WARN_INT_CONVERSION = YES;
				CLANG_WARN_OBJC_ROOT_CLASS = YES_ERROR;
				CLANG_WARN_UNREACHABLE_CODE = YES;
				CLANG_WARN__DUPLICATE_METHOD_MATCH = YES;
				"CODE_SIGN_IDENTITY[sdk=iphoneos*]" = "iPhone Developer";
				COPY_PHASE_STRIP = NO;
				DEBUG_INFORMATION_FORMAT = "dwarf-with-dsym";
				ENABLE_STRICT_OBJC_MSGSEND = YES;
				GCC_C_LANGUAGE_STANDARD = gnu99;
				GCC_DYNAMIC_NO_PIC = NO;
				GCC_NO_COMMON_BLOCKS = YES;
				GCC_OPTIMIZATION_LEVEL = 0;
				GCC_PREPROCESSOR_DEFINITIONS = (
					"DEBUG=1",
					"$(inherited)",
				);
				GCC_SYMBOLS_PRIVATE_EXTERN = NO;
				GCC_WARN_64_TO_32_BIT_CONVERSION = YES;
				GCC_WARN_ABOUT_RETURN_TYPE = YES_ERROR;
				GCC_WARN_UNDECLARED_SELECTOR = YES;
				GCC_WARN_UNINITIALIZED_AUTOS = YES_AGGRESSIVE;
				GCC_WARN_UNUSED_FUNCTION = YES;
				GCC_WARN_UNUSED_VARIABLE = YES;
				IPHONEOS_DEPLOYMENT_TARGET = 8.3;
				MTL_ENABLE_DEBUG_INFO = YES;
				ONLY_ACTIVE_ARCH = YES;
				SDKROOT = iphoneos;
			};
			name = Debug;
		};
		FAABD6471BB8D35800B9D16D /* Release */ = {
			isa = XCBuildConfiguration;
			buildSettings = {
				ALWAYS_SEARCH_USER_PATHS = NO;
				CLANG_CXX_LANGUAGE_STANDARD = "gnu++0x";
				CLANG_CXX_LIBRARY = "libc++";
				CLANG_ENABLE_MODULES = YES;
				CLANG_ENABLE_OBJC_ARC = YES;
				CLANG_WARN_BOOL_CONVERSION = YES;
				CLANG_WARN_CONSTANT_CONVERSION = YES;
				CLANG_WARN_DIRECT_OBJC_ISA_USAGE = YES_ERROR;
				CLANG_WARN_EMPTY_BODY = YES;
				CLANG_WARN_ENUM_CONVERSION = YES;
				CLANG_WARN_INT_CONVERSION = YES;
				CLANG_WARN_OBJC_ROOT_CLASS = YES_ERROR;
				CLANG_WARN_UNREACHABLE_CODE = YES;
				CLANG_WARN__DUPLICATE_METHOD_MATCH = YES;
				"CODE_SIGN_IDENTITY[sdk=iphoneos*]" = "iPhone Developer";
				COPY_PHASE_STRIP = NO;
				DEBUG_INFORMATION_FORMAT = "dwarf-with-dsym";
				ENABLE_NS_ASSERTIONS = NO;
				ENABLE_STRICT_OBJC_MSGSEND = YES;
				GCC_C_LANGUAGE_STANDARD = gnu99;
				GCC_NO_COMMON_BLOCKS = YES;
				GCC_WARN_64_TO_32_BIT_CONVERSION = YES;
				GCC_WARN_ABOUT_RETURN_TYPE = YES_ERROR;
				GCC_WARN_UNDECLARED_SELECTOR = YES;
				GCC_WARN_UNINITIALIZED_AUTOS = YES_AGGRESSIVE;
				GCC_WARN_UNUSED_FUNCTION = YES;
				GCC_WARN_UNUSED_VARIABLE = YES;
				IPHONEOS_DEPLOYMENT_TARGET = 8.3;
				MTL_ENABLE_DEBUG_INFO = NO;
				SDKROOT = iphoneos;
				VALIDATE_PRODUCT = YES;
			};
			name = Release;
		};
		FAABD6491BB8D35800B9D16D /* Debug */ = {
			isa = XCBuildConfiguration;
			buildSettings = {
				ASSETCATALOG_COMPILER_APPICON_NAME = AppIcon;
				INFOPLIST_FILE = SHRuntime/Info.plist;
				LD_RUNPATH_SEARCH_PATHS = "$(inherited) @executable_path/Frameworks";
				PRODUCT_NAME = "$(TARGET_NAME)";
			};
			name = Debug;
		};
		FAABD64A1BB8D35800B9D16D /* Release */ = {
			isa = XCBuildConfiguration;
			buildSettings = {
				ASSETCATALOG_COMPILER_APPICON_NAME = AppIcon;
				INFOPLIST_FILE = SHRuntime/Info.plist;
				LD_RUNPATH_SEARCH_PATHS = "$(inherited) @executable_path/Frameworks";
				PRODUCT_NAME = "$(TARGET_NAME)";
			};
			name = Release;
		};
		FAABD64C1BB8D35800B9D16D /* Debug */ = {
			isa = XCBuildConfiguration;
			buildSettings = {
				BUNDLE_LOADER = "$(TEST_HOST)";
				FRAMEWORK_SEARCH_PATHS = (
					"$(SDKROOT)/Developer/Library/Frameworks",
					"$(inherited)",
				);
				GCC_PREPROCESSOR_DEFINITIONS = (
					"DEBUG=1",
					"$(inherited)",
				);
				INFOPLIST_FILE = SHRuntimeTests/Info.plist;
				LD_RUNPATH_SEARCH_PATHS = "$(inherited) @executable_path/Frameworks @loader_path/Frameworks";
				PRODUCT_NAME = "$(TARGET_NAME)";
				TEST_HOST = "$(BUILT_PRODUCTS_DIR)/SHRuntime.app/SHRuntime";
			};
			name = Debug;
		};
		FAABD64D1BB8D35800B9D16D /* Release */ = {
			isa = XCBuildConfiguration;
			buildSettings = {
				BUNDLE_LOADER = "$(TEST_HOST)";
				FRAMEWORK_SEARCH_PATHS = (
					"$(SDKROOT)/Developer/Library/Frameworks",
					"$(inherited)",
				);
				INFOPLIST_FILE = SHRuntimeTests/Info.plist;
				LD_RUNPATH_SEARCH_PATHS = "$(inherited) @executable_path/Frameworks @loader_path/Frameworks";
				PRODUCT_NAME = "$(TARGET_NAME)";
				TEST_HOST = "$(BUILT_PRODUCTS_DIR)/SHRuntime.app/SHRuntime";
			};
			name = Release;
		};
/* End XCBuildConfiguration section */

/* Begin XCConfigurationList section */
		FAABD6201BB8D35800B9D16D /* Build configuration list for PBXProject "SHRuntime" */ = {
			isa = XCConfigurationList;
			buildConfigurations = (
				FAABD6461BB8D35800B9D16D /* Debug */,
				FAABD6471BB8D35800B9D16D /* Release */,
			);
			defaultConfigurationIsVisible = 0;
			defaultConfigurationName = Release;
		};
		FAABD6481BB8D35800B9D16D /* Build configuration list for PBXNativeTarget "SHRuntime" */ = {
			isa = XCConfigurationList;
			buildConfigurations = (
				FAABD6491BB8D35800B9D16D /* Debug */,
				FAABD64A1BB8D35800B9D16D /* Release */,
			);
			defaultConfigurationIsVisible = 0;
		};
		FAABD64B1BB8D35800B9D16D /* Build configuration list for PBXNativeTarget "SHRuntimeTests" */ = {
			isa = XCConfigurationList;
			buildConfigurations = (
				FAABD64C1BB8D35800B9D16D /* Debug */,
				FAABD64D1BB8D35800B9D16D /* Release */,
			);
			defaultConfigurationIsVisible = 0;
		};
/* End XCConfigurationList section */
	};
	rootObject = FAABD61D1BB8D35800B9D16D /* Project object */;
}
